
Microsoft Visual Studio Solution File, Format Version 12.00
# Visual Studio Version 16
VisualStudioVersion = 16.0.30128.74
MinimumVisualStudioVersion = 10.0.40219.1
Project("{9A19103F-16F7-4668-BE54-9A1E7A4F7556}") = "MainAndCliArgs", "MainAndCliArgs.csproj", "{3A2890BE-2EF5-431C-B4EE-6021E663F8FE}"
EndProject
Global
	GlobalSection(SolutionConfigurationPlatforms) = preSolution
		Debug|Any CPU = Debug|Any CPU
		Release|Any CPU = Release|Any CPU
	EndGlobalSection
	GlobalSection(ProjectConfigurationPlatforms) = postSolution
		{3A2890BE-2EF5-431C-B4EE-6021E663F8FE}.Debug|Any CPU.ActiveCfg = Debug|Any CPU
		{3A2890BE-2EF5-431C-B4EE-6021E663F8FE}.Debug|Any CPU.Build.0 = Debug|Any CPU
		{3A2890BE-2EF5-431C-B4EE-6021E663F8FE}.Release|Any CPU.ActiveCfg = Release|Any CPU
		{3A2890BE-2EF5-431C-B4EE-6021E663F8FE}.Release|Any CPU.Build.0 = Release|Any CPU
	EndGlobalSection
	GlobalSection(SolutionProperties) = preSolution
		HideSolutionNode = FALSE
	EndGlobalSection
	GlobalSection(ExtensibilityGlobals) = postSolution
		SolutionGuid = {2B29A136-0468-4FFE-873E-A0926148B988}
	EndGlobalSection
EndGlobal
