
Microsoft Visual Studio Solution File, Format Version 12.00
# Visual Studio Version 16
VisualStudioVersion = 16.0.30128.74
MinimumVisualStudioVersion = 10.0.40219.1
Project("{FAE04EC0-301F-11D3-BF4B-00C04F79EFBC}") = "AsyncExampleWPF", "AsyncExampleWPF.csproj", "{7B80D7C2-4FD4-4745-916D-9C429994E478}"
EndProject
Project("{FAE04EC0-301F-11D3-BF4B-00C04F79EFBC}") = "CancellingTasks", "..\CancellingTasks\CancellingTasks.csproj", "{0DD9ACBD-E6B1-4142-8AB4-BF4BB18DAB79}"
EndProject
Global
	GlobalSection(SolutionConfigurationPlatforms) = preSolution
		Debug|Any CPU = Debug|Any CPU
		Release|Any CPU = Release|Any CPU
	EndGlobalSection
	GlobalSection(ProjectConfigurationPlatforms) = postSolution
		{7B80D7C2-4FD4-4745-916D-9C429994E478}.Debug|Any CPU.ActiveCfg = Debug|Any CPU
		{7B80D7C2-4FD4-4745-916D-9C429994E478}.Debug|Any CPU.Build.0 = Debug|Any CPU
		{7B80D7C2-4FD4-4745-916D-9C429994E478}.Release|Any CPU.ActiveCfg = Release|Any CPU
		{7B80D7C2-4FD4-4745-916D-9C429994E478}.Release|Any CPU.Build.0 = Release|Any CPU
		{0DD9ACBD-E6B1-4142-8AB4-BF4BB18DAB79}.Debug|Any CPU.ActiveCfg = Debug|Any CPU
		{0DD9ACBD-E6B1-4142-8AB4-BF4BB18DAB79}.Debug|Any CPU.Build.0 = Debug|Any CPU
		{0DD9ACBD-E6B1-4142-8AB4-BF4BB18DAB79}.Release|Any CPU.ActiveCfg = Release|Any CPU
		{0DD9ACBD-E6B1-4142-8AB4-BF4BB18DAB79}.Release|Any CPU.Build.0 = Release|Any CPU
	EndGlobalSection
	GlobalSection(SolutionProperties) = preSolution
		HideSolutionNode = FALSE
	EndGlobalSection
	GlobalSection(ExtensibilityGlobals) = postSolution
		SolutionGuid = {AEA69A3B-AC37-458A-BEC9-89F125E78464}
	EndGlobalSection
EndGlobal
